
Microsoft Visual Studio Solution File, Format Version 12.00
# Visual Studio Version 17
VisualStudioVersion = 17.14.36811.4 d17.14
MinimumVisualStudioVersion = 10.0.40219.1
Project("{FAE04EC0-301F-11D3-BF4B-00C04F79EFBC}") = "BinaryFormatter", "BinaryFormatter\BinaryFormatter.csproj", "{760E29F5-6661-4743-840B-6DCE468D99D9}"
EndProject
Global
	GlobalSection(SolutionConfigurationPlatforms) = preSolution
		Debug|Any CPU = Debug|Any CPU
		Release|Any CPU = Release|Any CPU
	EndGlobalSection
	GlobalSection(ProjectConfigurationPlatforms) = postSolution
		{760E29F5-6661-4743-840B-6DCE468D99D9}.Debug|Any CPU.ActiveCfg = Debug|Any CPU
		{760E29F5-6661-4743-840B-6DCE468D99D9}.Debug|Any CPU.Build.0 = Debug|Any CPU
		{760E29F5-6661-4743-840B-6DCE468D99D9}.Release|Any CPU.ActiveCfg = Release|Any CPU
		{760E29F5-6661-4743-840B-6DCE468D99D9}.Release|Any CPU.Build.0 = Release|Any CPU
	EndGlobalSection
	GlobalSection(SolutionProperties) = preSolution
		HideSolutionNode = FALSE
	EndGlobalSection
	GlobalSection(ExtensibilityGlobals) = postSolution
		SolutionGuid = {8C1E4FA8-710B-4BFA-97FF-18815C351B5E}
	EndGlobalSection
EndGlobal
